{
  "name": "e-commerce-platform",
  "lockfileVersion": 3,
  "requires": true,
  "packages": {
    "": {
      "devDependencies": {
        "@express-rate-limit/tsconfig": "^1.0.2",
        "@ljharb/tsconfig": "^0.3.2"
      }
    },
    "node_modules/@express-rate-limit/tsconfig": {
      "version": "1.0.2",
      "resolved": "https://registry.npmjs.org/@express-rate-limit/tsconfig/-/tsconfig-1.0.2.tgz",
      "integrity": "sha512-BMSuJSe5fITRUZRLModNIXOTjVP4TcqOXO7ohW5OwtHNNGJ48HvaKH6zuqP8CjEEcbUmjheXk9rSYUF3tDu0tA==",
      "dev": true,
      "license": "MIT"
    },
    "node_modules/@ljharb/tsconfig": {
      "version": "0.3.2",
      "resolved": "https://registry.npmjs.org/@ljharb/tsconfig/-/tsconfig-0.3.2.tgz",
      "integrity": "sha512-eAl8JEVuTikzBOgymq/ndBPOH5hThMLlryKoH3O4evzNHO9VfxKF6f81gxWyCadO6zKKkXO0IVOh+nvYB0aTZQ==",
      "dev": true,
      "license": "MIT",
      "engines": {
        "node": ">= 0.4"
      }
    }
  }
}
